
Microsoft Visual Studio Solution File, Format Version 12.00
# Visual Studio Version 17
VisualStudioVersion = 17.0.32014.148
MinimumVisualStudioVersion = 10.0.40219.1
Project("{FAE04EC0-301F-11D3-BF4B-00C04F79EFBC}") = "MvcProjectChampNew", "MvcProjectChampNew\MvcProjectChampNew.csproj", "{90FD5365-03B7-4E70-B0AF-43D203366610}"
EndProject
Project("{FAE04EC0-301F-11D3-BF4B-00C04F79EFBC}") = "EntitiyLayer", "EntitiyLayer\EntitiyLayer.csproj", "{BF097B47-5AD6-4956-A567-D6D3F8C050A4}"
EndProject
Project("{FAE04EC0-301F-11D3-BF4B-00C04F79EFBC}") = "DataAccessLayer", "DataAccessLayer\DataAccessLayer.csproj", "{184A9487-7FAE-4CF4-B961-62FF3A7A1975}"
EndProject
Project("{FAE04EC0-301F-11D3-BF4B-00C04F79EFBC}") = "BusinessLayer", "BusinessLayer\BusinessLayer.csproj", "{7438A6CD-5D24-4393-AA8D-DA34A00C54AF}"
EndProject
Global
	GlobalSection(SolutionConfigurationPlatforms) = preSolution
		Debug|Any CPU = Debug|Any CPU
		Release|Any CPU = Release|Any CPU
	EndGlobalSection
	GlobalSection(ProjectConfigurationPlatforms) = postSolution
		{90FD5365-03B7-4E70-B0AF-43D203366610}.Debug|Any CPU.ActiveCfg = Debug|Any CPU
		{90FD5365-03B7-4E70-B0AF-43D203366610}.Debug|Any CPU.Build.0 = Debug|Any CPU
		{90FD5365-03B7-4E70-B0AF-43D203366610}.Release|Any CPU.ActiveCfg = Release|Any CPU
		{90FD5365-03B7-4E70-B0AF-43D203366610}.Release|Any CPU.Build.0 = Release|Any CPU
		{BF097B47-5AD6-4956-A567-D6D3F8C050A4}.Debug|Any CPU.ActiveCfg = Debug|Any CPU
		{BF097B47-5AD6-4956-A567-D6D3F8C050A4}.Debug|Any CPU.Build.0 = Debug|Any CPU
		{BF097B47-5AD6-4956-A567-D6D3F8C050A4}.Release|Any CPU.ActiveCfg = Release|Any CPU
		{BF097B47-5AD6-4956-A567-D6D3F8C050A4}.Release|Any CPU.Build.0 = Release|Any CPU
		{184A9487-7FAE-4CF4-B961-62FF3A7A1975}.Debug|Any CPU.ActiveCfg = Debug|Any CPU
		{184A9487-7FAE-4CF4-B961-62FF3A7A1975}.Debug|Any CPU.Build.0 = Debug|Any CPU
		{184A9487-7FAE-4CF4-B961-62FF3A7A1975}.Release|Any CPU.ActiveCfg = Release|Any CPU
		{184A9487-7FAE-4CF4-B961-62FF3A7A1975}.Release|Any CPU.Build.0 = Release|Any CPU
		{7438A6CD-5D24-4393-AA8D-DA34A00C54AF}.Debug|Any CPU.ActiveCfg = Debug|Any CPU
		{7438A6CD-5D24-4393-AA8D-DA34A00C54AF}.Debug|Any CPU.Build.0 = Debug|Any CPU
		{7438A6CD-5D24-4393-AA8D-DA34A00C54AF}.Release|Any CPU.ActiveCfg = Release|Any CPU
		{7438A6CD-5D24-4393-AA8D-DA34A00C54AF}.Release|Any CPU.Build.0 = Release|Any CPU
	EndGlobalSection
	GlobalSection(SolutionProperties) = preSolution
		HideSolutionNode = FALSE
	EndGlobalSection
	GlobalSection(ExtensibilityGlobals) = postSolution
		SolutionGuid = {B6616EAD-4835-4EB9-B060-29EE421873C3}
	EndGlobalSection
EndGlobal
